<?xml version="1.0" encoding="utf-8"?>
<Project ToolsVersion="4.0" xmlns="http://schemas.microsoft.com/developer/msbuild/2003">
  <ItemGroup>
    <Filter Include="소스 파일">
      <UniqueIdentifier>{4FC737F1-C7A5-4376-A066-2A32D752A2FF}</UniqueIdentifier>
      <Extensions>cpp;c;cc;cxx;c++;cppm;ixx;def;odl;idl;hpj;bat;asm;asmx</Extensions>
    </Filter>
    <Filter Include="헤더 파일">
      <UniqueIdentifier>{93995380-89BD-4b04-88EB-625FBE52EBFB}</UniqueIdentifier>
      <Extensions>h;hh;hpp;hxx;h++;hm;inl;inc;ipp;xsd</Extensions>
    </Filter>
    <Filter Include="리소스 파일">
      <UniqueIdentifier>{67DA6AB6-F800-4c08-8B7A-83BB121AAD01}</UniqueIdentifier>
      <Extensions>rc;ico;cur;bmp;dlg;rc2;rct;bin;rgs;gif;jpg;jpeg;jpe;resx;tiff;tif;png;wav;mfcribbon-ms</Extensions>
    </Filter>
    <Filter Include="소스 파일\재귀함수">
      <UniqueIdentifier>{b8404709-a395-4e64-bde7-d66ce56bda2a}</UniqueIdentifier>
    </Filter>
    <Filter Include="소스 파일\조건문">
      <UniqueIdentifier>{55271e9d-d0e7-4ed9-abfb-4b0eea626c55}</UniqueIdentifier>
    </Filter>
    <Filter Include="소스 파일\정렬">
      <UniqueIdentifier>{f1e071db-d733-4564-8c88-6c52a9dd2f69}</UniqueIdentifier>
    </Filter>
    <Filter Include="소스 파일\입출력 과 사칙연산">
      <UniqueIdentifier>{816e5335-8dc7-4433-be41-e21f88381862}</UniqueIdentifier>
    </Filter>
    <Filter Include="소스 파일\1차 배열">
      <UniqueIdentifier>{c1f74e53-dfb7-466c-ad08-6e55de8c46a7}</UniqueIdentifier>
    </Filter>
    <Filter Include="소스 파일\심화 1">
      <UniqueIdentifier>{82365dc2-da00-4529-9dc6-d4234299db0f}</UniqueIdentifier>
    </Filter>
    <Filter Include="소스 파일\동적 계획">
      <UniqueIdentifier>{1801be09-428a-4b94-9af3-8bfc5bbc7f6e}</UniqueIdentifier>
    </Filter>
    <Filter Include="소스 파일\행렬">
      <UniqueIdentifier>{c45bb1e8-42c8-4f5d-8a64-b888fd44f922}</UniqueIdentifier>
    </Filter>
    <Filter Include="소스 파일\잡다한거">
      <UniqueIdentifier>{f2440c10-f8d7-4de3-b564-cbc8a0e8c2f4}</UniqueIdentifier>
    </Filter>
    <Filter Include="소스 파일\그리디">
      <UniqueIdentifier>{076555b9-b585-4fcd-9355-87abac0ced47}</UniqueIdentifier>
    </Filter>
    <Filter Include="소스 파일\해시와 맵">
      <UniqueIdentifier>{44160c11-8bf7-4173-ad61-195d4bce991e}</UniqueIdentifier>
    </Filter>
    <Filter Include="소스 파일\수학">
      <UniqueIdentifier>{ff17236c-93f5-4a3c-88e9-a1088ff68c64}</UniqueIdentifier>
    </Filter>
    <Filter Include="소스 파일\브루토포스">
      <UniqueIdentifier>{ff0e1ddd-30f7-4369-8d01-3da6b242bd4f}</UniqueIdentifier>
    </Filter>
    <Filter Include="소스 파일\다이나믹프로그래밍">
      <UniqueIdentifier>{4898866d-2833-446e-b774-ac857bcfc443}</UniqueIdentifier>
    </Filter>
    <Filter Include="소스 파일\그래프 탐색">
      <UniqueIdentifier>{f47d8ef9-711c-4cff-84d2-7dc025cd8918}</UniqueIdentifier>
    </Filter>
    <Filter Include="소스 파일\문자열">
      <UniqueIdentifier>{7301606e-a83b-4846-aa0c-56251cf85b73}</UniqueIdentifier>
    </Filter>
  </ItemGroup>
  <ItemGroup>
    <ClCompile Include="팩토리얼2.cpp">
      <Filter>소스 파일\재귀함수</Filter>
    </ClCompile>
    <ClCompile Include="조건문 2번.cpp">
      <Filter>소스 파일\조건문</Filter>
    </ClCompile>
    <ClCompile Include="피보나치수열.cpp">
      <Filter>소스 파일\재귀함수</Filter>
    </ClCompile>
    <ClCompile Include="재귀의귀재.cpp">
      <Filter>소스 파일\재귀함수</Filter>
    </ClCompile>
    <ClCompile Include="칸토어집합.cpp">
      <Filter>소스 파일\재귀함수</Filter>
    </ClCompile>
    <ClCompile Include="수 정렬하기.cpp">
      <Filter>소스 파일\정렬</Filter>
    </ClCompile>
    <ClCompile Include="수 정렬하기2.cpp">
      <Filter>소스 파일\정렬</Filter>
    </ClCompile>
    <ClCompile Include="사칙연산.cpp">
      <Filter>소스 파일\입출력 과 사칙연산</Filter>
    </ClCompile>
    <ClCompile Include="나머지.cpp">
      <Filter>소스 파일\입출력 과 사칙연산</Filter>
    </ClCompile>
    <ClCompile Include="개.cpp">
      <Filter>소스 파일\입출력 과 사칙연산</Filter>
    </ClCompile>
    <ClCompile Include="꼬마정민.cpp">
      <Filter>소스 파일\입출력 과 사칙연산</Filter>
    </ClCompile>
    <ClCompile Include="곱하기.cpp">
      <Filter>소스 파일\입출력 과 사칙연산</Filter>
    </ClCompile>
    <ClCompile Include="과제 안내신분.cpp">
      <Filter>소스 파일\1차 배열</Filter>
    </ClCompile>
    <ClCompile Include="개수새기.cpp">
      <Filter>소스 파일\1차 배열</Filter>
    </ClCompile>
    <ClCompile Include="최소, 최대.cpp">
      <Filter>소스 파일\1차 배열</Filter>
    </ClCompile>
    <ClCompile Include="최대값.cpp">
      <Filter>소스 파일\1차 배열</Filter>
    </ClCompile>
    <ClCompile Include="평균.cpp">
      <Filter>소스 파일\1차 배열</Filter>
    </ClCompile>
    <ClCompile Include="별찍기7.cpp">
      <Filter>소스 파일\심화 1</Filter>
    </ClCompile>
    <ClCompile Include="배열 나머지.cpp">
      <Filter>소스 파일\1차 배열</Filter>
    </ClCompile>
    <ClCompile Include="킹,퀸,룩,비숍,나이트,폰.cpp">
      <Filter>소스 파일\심화 1</Filter>
    </ClCompile>
    <ClCompile Include="팰린드롬인지 확인하기.cpp">
      <Filter>소스 파일\심화 1</Filter>
    </ClCompile>
    <ClCompile Include="너의 평점은.cpp">
      <Filter>소스 파일\심화 1</Filter>
    </ClCompile>
    <ClCompile Include="알고리즘 수업-피보나치 수열1.cpp">
      <Filter>소스 파일\동적 계획</Filter>
    </ClCompile>
    <ClCompile Include="신나는 함수 실행.cpp">
      <Filter>소스 파일\동적 계획</Filter>
    </ClCompile>
    <ClCompile Include="행렬곱.cpp">
      <Filter>소스 파일\행렬</Filter>
    </ClCompile>
    <ClCompile Include="터렛.cpp">
      <Filter>소스 파일\잡다한거</Filter>
    </ClCompile>
    <ClCompile Include="보물.cpp">
      <Filter>소스 파일\잡다한거</Filter>
    </ClCompile>
    <ClCompile Include="어린왕자 1004.cpp">
      <Filter>소스 파일\잡다한거</Filter>
    </ClCompile>
    <ClCompile Include="홍익대학교 16394.cpp">
      <Filter>소스 파일\잡다한거</Filter>
    </ClCompile>
    <ClCompile Include="컵라면측정하기 16479.cpp">
      <Filter>소스 파일\잡다한거</Filter>
    </ClCompile>
    <ClCompile Include="성장의 비약 선택권 26645.cpp">
      <Filter>소스 파일\잡다한거</Filter>
    </ClCompile>
    <ClCompile Include="과 조사하기 28289.cpp">
      <Filter>소스 파일\잡다한거</Filter>
    </ClCompile>
    <ClCompile Include="ATM 11399.cpp">
      <Filter>소스 파일\잡다한거</Filter>
    </ClCompile>
    <ClCompile Include="점수 관리 30647.cpp">
      <Filter>소스 파일\잡다한거</Filter>
    </ClCompile>
    <ClCompile Include="최댓값 2562.cpp">
      <Filter>소스 파일\잡다한거</Filter>
    </ClCompile>
    <ClCompile Include="소수 찾기 1978.cpp">
      <Filter>소스 파일\잡다한거</Filter>
    </ClCompile>
    <ClCompile Include="벌집 2292.cpp">
      <Filter>소스 파일\잡다한거</Filter>
    </ClCompile>
    <ClCompile Include="펠린드롬수 1259.cpp">
      <Filter>소스 파일\잡다한거</Filter>
    </ClCompile>
    <ClCompile Include="블랙잭 2798.cpp">
      <Filter>소스 파일\잡다한거</Filter>
    </ClCompile>
    <ClCompile Include="부녀회장이 될테야 2775.cpp">
      <Filter>소스 파일\잡다한거</Filter>
    </ClCompile>
    <ClCompile Include="체스판 다시 칠하기 1018.cpp">
      <Filter>소스 파일\잡다한거</Filter>
    </ClCompile>
    <ClCompile Include="나이순 정렬 10814.cpp">
      <Filter>소스 파일\잡다한거</Filter>
    </ClCompile>
    <ClCompile Include="숫자의 정렬.cpp">
      <Filter>소스 파일\잡다한거</Filter>
    </ClCompile>
    <ClCompile Include="별찍기.cpp">
      <Filter>소스 파일\잡다한거</Filter>
    </ClCompile>
    <ClCompile Include="팩토리얼 0의 개수 1676.cpp">
      <Filter>소스 파일\잡다한거</Filter>
    </ClCompile>
    <ClCompile Include="스택 수열 1874.cpp">
      <Filter>소스 파일\잡다한거</Filter>
    </ClCompile>
    <ClCompile Include="단어 정렬.cpp">
      <Filter>소스 파일\잡다한거</Filter>
    </ClCompile>
    <ClCompile Include="달팽이는 올라가고 싶다 2869.cpp">
      <Filter>소스 파일\잡다한거</Filter>
    </ClCompile>
    <ClCompile Include="좌표 정렬하기 11650.cpp">
      <Filter>소스 파일\잡다한거</Filter>
    </ClCompile>
    <ClCompile Include="직각삼각형 4153.cpp">
      <Filter>소스 파일\잡다한거</Filter>
    </ClCompile>
    <ClCompile Include="수 정렬하기 3.cpp">
      <Filter>소스 파일\잡다한거</Filter>
    </ClCompile>
    <ClCompile Include="스택 10828.cpp">
      <Filter>소스 파일\잡다한거</Filter>
    </ClCompile>
    <ClCompile Include="설탕배달 2839.cpp">
      <Filter>소스 파일\잡다한거</Filter>
    </ClCompile>
    <ClCompile Include="큐 10845.cpp">
      <Filter>소스 파일\잡다한거</Filter>
    </ClCompile>
    <ClCompile Include="나는야 포켓몬 마스터 이다솜 1620.cpp">
      <Filter>소스 파일\잡다한거</Filter>
    </ClCompile>
    <ClCompile Include="듣보잡 1764.cpp">
      <Filter>소스 파일\잡다한거</Filter>
    </ClCompile>
    <ClCompile Include="패션왕 신해빈 9375.cpp">
      <Filter>소스 파일\잡다한거</Filter>
    </ClCompile>
    <ClCompile Include="생일 5635.cpp">
      <Filter>소스 파일\잡다한거</Filter>
    </ClCompile>
    <ClCompile Include="집합 11723.cpp">
      <Filter>소스 파일\잡다한거</Filter>
    </ClCompile>
    <ClCompile Include="집합 11723 비트 마스크로.cpp">
      <Filter>소스 파일\잡다한거</Filter>
    </ClCompile>
    <ClCompile Include="최대공약수 와 최대공배수 2609.cpp">
      <Filter>소스 파일\잡다한거</Filter>
    </ClCompile>
    <ClCompile Include="괄호 9012.cpp">
      <Filter>소스 파일\잡다한거</Filter>
    </ClCompile>
    <ClCompile Include="동전0 11047.cpp">
      <Filter>소스 파일\잡다한거</Filter>
    </ClCompile>
    <ClCompile Include="비밀번호 찾기 17219.cpp">
      <Filter>소스 파일\잡다한거</Filter>
    </ClCompile>
    <ClCompile Include="1로 만들기 1463.cpp">
      <Filter>소스 파일\잡다한거</Filter>
    </ClCompile>
    <ClCompile Include="문자열 반복.cpp">
      <Filter>소스 파일\잡다한거</Filter>
    </ClCompile>
    <ClCompile Include="수 찾기.cpp">
      <Filter>소스 파일\잡다한거</Filter>
    </ClCompile>
    <ClCompile Include="A + B - 5 10952.cpp">
      <Filter>소스 파일\잡다한거</Filter>
    </ClCompile>
    <ClCompile Include="아스키 코드 11654.cpp">
      <Filter>소스 파일\잡다한거</Filter>
    </ClCompile>
    <ClCompile Include="문자와 문자열 27866.cpp">
      <Filter>소스 파일\잡다한거</Filter>
    </ClCompile>
    <ClCompile Include="이항 계수 1 11050.cpp">
      <Filter>소스 파일\잡다한거</Filter>
    </ClCompile>
    <ClCompile Include="수 정렬하기2 2751.cpp">
      <Filter>소스 파일\잡다한거</Filter>
    </ClCompile>
    <ClCompile Include="최대 힙.cpp">
      <Filter>소스 파일\잡다한거</Filter>
    </ClCompile>
    <ClCompile Include="15680 연세대학교.cpp">
      <Filter>소스 파일\잡다한거</Filter>
    </ClCompile>
    <ClCompile Include="11726 2xn 타일링.cpp">
      <Filter>소스 파일\잡다한거</Filter>
    </ClCompile>
    <ClCompile Include="11659 구간 합 구하기4.cpp">
      <Filter>소스 파일\잡다한거</Filter>
    </ClCompile>
    <ClCompile Include="9095 1 2 3 더하기.cpp">
      <Filter>소스 파일\잡다한거</Filter>
    </ClCompile>
    <ClCompile Include="9461 파도반 수열.cpp">
      <Filter>소스 파일\잡다한거</Filter>
    </ClCompile>
    <ClCompile Include="2920 음계.cpp">
      <Filter>소스 파일\잡다한거</Filter>
    </ClCompile>
    <ClCompile Include="2606 바이러스.cpp">
      <Filter>소스 파일\잡다한거</Filter>
    </ClCompile>
    <ClCompile Include="2579 계단 오르기.cpp">
      <Filter>소스 파일\잡다한거</Filter>
    </ClCompile>
    <ClCompile Include="1927 최소 힙.cpp">
      <Filter>소스 파일\잡다한거</Filter>
    </ClCompile>
    <ClCompile Include="1541 잃어버린 괄호 찾기.cpp">
      <Filter>소스 파일\잡다한거</Filter>
    </ClCompile>
    <ClCompile Include="1260 DFS와 BFS.cpp">
      <Filter>소스 파일\잡다한거</Filter>
    </ClCompile>
    <ClCompile Include="21736 헌내기는 친구가 필요해.cpp">
      <Filter>소스 파일</Filter>
    </ClCompile>
    <ClCompile Include="15620 N과M(2).cpp">
      <Filter>소스 파일</Filter>
    </ClCompile>
    <ClCompile Include="15652 N과M(4).cpp">
      <Filter>소스 파일</Filter>
    </ClCompile>
    <ClCompile Include="15813 너의 이름은 몇점.cpp">
      <Filter>소스 파일</Filter>
    </ClCompile>
    <ClCompile Include="31066 비 오는 날.cpp">
      <Filter>소스 파일\그리디</Filter>
    </ClCompile>
    <ClCompile Include="26596 황금 칵테일.cpp">
      <Filter>소스 파일\해시와 맵</Filter>
    </ClCompile>
    <ClCompile Include="2475 검증 수 .cpp">
      <Filter>소스 파일</Filter>
    </ClCompile>
    <ClCompile Include="18110 solved.ac.cpp">
      <Filter>소스 파일\정렬</Filter>
    </ClCompile>
    <ClCompile Include="해싱 15829.cpp">
      <Filter>소스 파일\재귀함수</Filter>
    </ClCompile>
    <ClCompile Include="웰컴키트 30802.cpp">
      <Filter>소스 파일\수학</Filter>
    </ClCompile>
    <ClCompile Include="2640 색종이 만들기.cpp">
      <Filter>소스 파일\재귀함수</Filter>
    </ClCompile>
    <ClCompile Include="30804 과일 탕후루%28투포인터, 슬라이딩 윈도우%29.cpp">
      <Filter>소스 파일\브루토포스</Filter>
    </ClCompile>
    <ClCompile Include="2003 수들의 합2.cpp">
      <Filter>소스 파일\브루토포스</Filter>
    </ClCompile>
    <ClCompile Include="11727 2xn.cpp">
      <Filter>소스 파일\다이나믹프로그래밍</Filter>
    </ClCompile>
    <ClCompile Include="1389 케빈 베이컨의 6단계 법ㅊ칙.cpp">
      <Filter>소스 파일\그래프 탐색</Filter>
    </ClCompile>
    <ClCompile Include="11403 경로 찾기.cpp">
      <Filter>소스 파일\그래프 탐색</Filter>
    </ClCompile>
    <ClCompile Include="1074 Z.cpp">
      <Filter>소스 파일\재귀함수</Filter>
    </ClCompile>
    <ClCompile Include="2669 단지번호붙이기.cpp">
      <Filter>소스 파일\그래프 탐색</Filter>
    </ClCompile>
    <ClCompile Include="8958 OX퀴즈.cpp">
      <Filter>소스 파일\문자열</Filter>
    </ClCompile>
    <ClCompile Include="1152 단어의 개수.cpp">
      <Filter>소스 파일\문자열</Filter>
    </ClCompile>
    <ClCompile Include="18870 좌표압축.cpp">
      <Filter>소스 파일\정렬</Filter>
    </ClCompile>
    <ClCompile Include="7576 토마토.cpp">
      <Filter>소스 파일\그래프 탐색</Filter>
    </ClCompile>
    <ClCompile Include="7569 토마토.cpp">
      <Filter>소스 파일\그래프 탐색</Filter>
    </ClCompile>
    <ClCompile Include="14940 쉬운최단거리.cpp">
      <Filter>소스 파일\그래프 탐색</Filter>
    </ClCompile>
  </ItemGroup>
  <ItemGroup>
    <ClInclude Include="백준 조건문 1번.cpp">
      <Filter>소스 파일\조건문</Filter>
    </ClInclude>
  </ItemGroup>
</Project>